
Microsoft Visual Studio Solution File, Format Version 12.00
# Visual Studio 14
VisualStudioVersion = 14.0.23107.0
MinimumVisualStudioVersion = 10.0.40219.1
Project("{FAE04EC0-301F-11D3-BF4B-00C04F79EFBC}") = "CommonSDK", "CommonSDK\CommonSDK.csproj", "{64A66FC1-4485-41B6-8A34-DB89EB1CAE2A}"
EndProject
Project("{FAE04EC0-301F-11D3-BF4B-00C04F79EFBC}") = "CommonSDKRun", "CommonSDKRun\CommonSDKRun.csproj", "{0E3CEECD-62F4-4925-8158-4DC33682CC4F}"
EndProject
Global
	GlobalSection(SolutionConfigurationPlatforms) = preSolution
		Debug|Any CPU = Debug|Any CPU
		Release|Any CPU = Release|Any CPU
	EndGlobalSection
	GlobalSection(ProjectConfigurationPlatforms) = postSolution
		{64A66FC1-4485-41B6-8A34-DB89EB1CAE2A}.Debug|Any CPU.ActiveCfg = Debug|Any CPU
		{64A66FC1-4485-41B6-8A34-DB89EB1CAE2A}.Debug|Any CPU.Build.0 = Debug|Any CPU
		{64A66FC1-4485-41B6-8A34-DB89EB1CAE2A}.Release|Any CPU.ActiveCfg = Release|Any CPU
		{64A66FC1-4485-41B6-8A34-DB89EB1CAE2A}.Release|Any CPU.Build.0 = Release|Any CPU
		{0E3CEECD-62F4-4925-8158-4DC33682CC4F}.Debug|Any CPU.ActiveCfg = Debug|Any CPU
		{0E3CEECD-62F4-4925-8158-4DC33682CC4F}.Debug|Any CPU.Build.0 = Debug|Any CPU
		{0E3CEECD-62F4-4925-8158-4DC33682CC4F}.Release|Any CPU.ActiveCfg = Release|Any CPU
		{0E3CEECD-62F4-4925-8158-4DC33682CC4F}.Release|Any CPU.Build.0 = Release|Any CPU
	EndGlobalSection
	GlobalSection(SolutionProperties) = preSolution
		HideSolutionNode = FALSE
	EndGlobalSection
EndGlobal
